<?xml version="1.0" encoding="utf-8"?>
<Project ToolsVersion="4.0" xmlns="http://schemas.microsoft.com/developer/msbuild/2003">
  <ItemGroup>
    <Filter Include="Source Files">
      <UniqueIdentifier>{4FC737F1-C7A5-4376-A066-2A32D752A2FF}</UniqueIdentifier>
      <Extensions>cpp;c;cc;cxx;def;odl;idl;hpj;bat;asm;asmx</Extensions>
    </Filter>
    <Filter Include="Header Files">
      <UniqueIdentifier>{93995380-89BD-4b04-88EB-625FBE52EBFB}</UniqueIdentifier>
      <Extensions>h;hpp;hxx;hm;inl;inc;xsd</Extensions>
    </Filter>
  </ItemGroup>
  <ItemGroup>
    <ClCompile Include="attachment.cpp">
      <Filter>Source Files</Filter>
    </ClCompile>
    <ClCompile Include="discretization.cpp">
      <Filter>Source Files</Filter>
    </ClCompile>
    <ClCompile Include="embedding.cpp">
      <Filter>Source Files</Filter>
    </ClCompile>
    <ClCompile Include="graphutils.cpp">
      <Filter>Source Files</Filter>
    </ClCompile>
    <ClCompile Include="indexer.cpp">
      <Filter>Source Files</Filter>
    </ClCompile>
    <ClCompile Include="intersector.cpp">
      <Filter>Source Files</Filter>
    </ClCompile>
    <ClCompile Include="lsqSolver.cpp">
      <Filter>Source Files</Filter>
    </ClCompile>
    <ClCompile Include="matrix.cpp">
      <Filter>Source Files</Filter>
    </ClCompile>
    <ClCompile Include="mesh.cpp">
      <Filter>Source Files</Filter>
    </ClCompile>
    <ClCompile Include="Pinocchio.cpp">
      <Filter>Source Files</Filter>
    </ClCompile>
    <ClCompile Include="pinocchioApi.cpp">
      <Filter>Source Files</Filter>
    </ClCompile>
    <ClCompile Include="refinement.cpp">
      <Filter>Source Files</Filter>
    </ClCompile>
    <ClCompile Include="skeleton.cpp">
      <Filter>Source Files</Filter>
    </ClCompile>
  </ItemGroup>
  <ItemGroup>
    <ClInclude Include="attachment.h">
      <Filter>Header Files</Filter>
    </ClInclude>
    <ClInclude Include="debugging.h">
      <Filter>Header Files</Filter>
    </ClInclude>
    <ClInclude Include="deriv.h">
      <Filter>Header Files</Filter>
    </ClInclude>
    <ClInclude Include="dtree.h">
      <Filter>Header Files</Filter>
    </ClInclude>
    <ClInclude Include="graphutils.h">
      <Filter>Header Files</Filter>
    </ClInclude>
    <ClInclude Include="hashutils.h">
      <Filter>Header Files</Filter>
    </ClInclude>
    <ClInclude Include="indexer.h">
      <Filter>Header Files</Filter>
    </ClInclude>
    <ClInclude Include="intersector.h">
      <Filter>Header Files</Filter>
    </ClInclude>
    <ClInclude Include="lsqSolver.h">
      <Filter>Header Files</Filter>
    </ClInclude>
    <ClInclude Include="mathutils.h">
      <Filter>Header Files</Filter>
    </ClInclude>
    <ClInclude Include="matrix.h">
      <Filter>Header Files</Filter>
    </ClInclude>
    <ClInclude Include="mesh.h">
      <Filter>Header Files</Filter>
    </ClInclude>
    <ClInclude Include="multilinear.h">
      <Filter>Header Files</Filter>
    </ClInclude>
    <ClInclude Include="Pinocchio.h">
      <Filter>Header Files</Filter>
    </ClInclude>
    <ClInclude Include="pinocchioApi.h">
      <Filter>Header Files</Filter>
    </ClInclude>
    <ClInclude Include="pointprojector.h">
      <Filter>Header Files</Filter>
    </ClInclude>
    <ClInclude Include="quaddisttree.h">
      <Filter>Header Files</Filter>
    </ClInclude>
    <ClInclude Include="rect.h">
      <Filter>Header Files</Filter>
    </ClInclude>
    <ClInclude Include="skeleton.h">
      <Filter>Header Files</Filter>
    </ClInclude>
    <ClInclude Include="transform.h">
      <Filter>Header Files</Filter>
    </ClInclude>
    <ClInclude Include="utils.h">
      <Filter>Header Files</Filter>
    </ClInclude>
    <ClInclude Include="vector.h">
      <Filter>Header Files</Filter>
    </ClInclude>
    <ClInclude Include="vecutils.h">
      <Filter>Header Files</Filter>
    </ClInclude>
  </ItemGroup>
</Project>